// !$*UTF8*$!
{
	archiveVersion = 1;
	classes = {
	};
	objectVersion = 50;
	objects = {

/* Begin PBXBuildFile section */
		B660513E24C1FDFE00D20739 /* Task.swift in Sources */ = {isa = PBXBuildFile; fileRef = B660513D24C1FDFE00D20739 /* Task.swift */; };
		B6E0EFE524B43D6E00AC67AA /* AppDelegate.swift in Sources */ = {isa = PBXBuildFile; fileRef = B6E0EFE424B43D6E00AC67AA /* AppDelegate.swift */; };
		B6E0EFE724B43D6E00AC67AA /* SceneDelegate.swift in Sources */ = {isa = PBXBuildFile; fileRef = B6E0EFE624B43D6E00AC67AA /* SceneDelegate.swift */; };
		B6E0EFE924B43D6E00AC67AA /* ViewController.swift in Sources */ = {isa = PBXBuildFile; fileRef = B6E0EFE824B43D6E00AC67AA /* ViewController.swift */; };
		B6E0EFEC24B43D6E00AC67AA /* Main.storyboard in Resources */ = {isa = PBXBuildFile; fileRef = B6E0EFEA24B43D6E00AC67AA /* Main.storyboard */; };
		B6E0EFEE24B43D7200AC67AA /* Assets.xcassets in Resources */ = {isa = PBXBuildFile; fileRef = B6E0EFED24B43D7200AC67AA /* Assets.xcassets */; };
		B6E0EFF124B43D7200AC67AA /* LaunchScreen.storyboard in Resources */ = {isa = PBXBuildFile; fileRef = B6E0EFEF24B43D7200AC67AA /* LaunchScreen.storyboard */; };
/* End PBXBuildFile section */

/* Begin PBXFileReference section */
		B660513D24C1FDFE00D20739 /* Task.swift */ = {isa = PBXFileReference; lastKnownFileType = sourcecode.swift; path = Task.swift; sourceTree = "<group>"; };
		B6E0EFE124B43D6E00AC67AA /* The Night Porter.app */ = {isa = PBXFileReference; explicitFileType = wrapper.application; includeInIndex = 0; path = "The Night Porter.app"; sourceTree = BUILT_PRODUCTS_DIR; };
		B6E0EFE424B43D6E00AC67AA /* AppDelegate.swift */ = {isa = PBXFileReference; lastKnownFileType = sourcecode.swift; path = AppDelegate.swift; sourceTree = "<group>"; };
		B6E0EFE624B43D6E00AC67AA /* SceneDelegate.swift */ = {isa = PBXFileReference; lastKnownFileType = sourcecode.swift; path = SceneDelegate.swift; sourceTree = "<group>"; };
		B6E0EFE824B43D6E00AC67AA /* ViewController.swift */ = {isa = PBXFileReference; lastKnownFileType = sourcecode.swift; path = ViewController.swift; sourceTree = "<group>"; };
		B6E0EFEB24B43D6E00AC67AA /* Base */ = {isa = PBXFileReference; lastKnownFileType = file.storyboard; name = Base; path = Base.lproj/Main.storyboard; sourceTree = "<group>"; };
		B6E0EFED24B43D7200AC67AA /* Assets.xcassets */ = {isa = PBXFileReference; lastKnownFileType = folder.assetcatalog; path = Assets.xcassets; sourceTree = "<group>"; };
		B6E0EFF024B43D7200AC67AA /* Base */ = {isa = PBXFileReference; lastKnownFileType = file.storyboard; name = Base; path = Base.lproj/LaunchScreen.storyboard; sourceTree = "<group>"; };
		B6E0EFF224B43D7300AC67AA /* Info.plist */ = {isa = PBXFileReference; lastKnownFileType = text.plist.xml; path = Info.plist; sourceTree = "<group>"; };
/* End PBXFileReference section */

/* Begin PBXFrameworksBuildPhase section */
		B6E0EFDE24B43D6E00AC67AA /* Frameworks */ = {
			isa = PBXFrameworksBuildPhase;
			buildActionMask = 2147483647;
			files = (
			);
			runOnlyForDeploymentPostprocessing = 0;
		};
/* End PBXFrameworksBuildPhase section */

/* Begin PBXGroup section */
		B6E0EFD824B43D6E00AC67AA = {
			isa = PBXGroup;
			children = (
				B6E0EFE324B43D6E00AC67AA /* The Night Porter */,
				B6E0EFE224B43D6E00AC67AA /* Products */,
			);
			sourceTree = "<group>";
		};
		B6E0EFE224B43D6E00AC67AA /* Products */ = {
			isa = PBXGroup;
			children = (
				B6E0EFE124B43D6E00AC67AA /* The Night Porter.app */,
			);
			name = Products;
			sourceTree = "<group>";
		};
		B6E0EFE324B43D6E00AC67AA /* The Night Porter */ = {
			isa = PBXGroup;
			children = (
				B6E0EFE424B43D6E00AC67AA /* AppDelegate.swift */,
				B6E0EFE624B43D6E00AC67AA /* SceneDelegate.swift */,
				B6E0EFE824B43D6E00AC67AA /* ViewController.swift */,
				B660513D24C1FDFE00D20739 /* Task.swift */,
				B6E0EFEA24B43D6E00AC67AA /* Main.storyboard */,
				B6E0EFED24B43D7200AC67AA /* Assets.xcassets */,
				B6E0EFEF24B43D7200AC67AA /* LaunchScreen.storyboard */,
				B6E0EFF224B43D7300AC67AA /* Info.plist */,
			);
			path = "The Night Porter";
			sourceTree = "<group>";
		};
/* End PBXGroup section */

/* Begin PBXNativeTarget section */
		B6E0EFE024B43D6E00AC67AA /* The Night Porter */ = {
			isa = PBXNativeTarget;
			buildConfigurationList = B6E0EFF524B43D7300AC67AA /* Build configuration list for PBXNativeTarget "The Night Porter" */;
			buildPhases = (
				B6E0EFDD24B43D6E00AC67AA /* Sources */,
				B6E0EFDE24B43D6E00AC67AA /* Frameworks */,
				B6E0EFDF24B43D6E00AC67AA /* Resources */,
			);
			buildRules = (
			);
			dependencies = (
			);
			name = "The Night Porter";
			productName = "The Night Porter";
			productReference = B6E0EFE124B43D6E00AC67AA /* The Night Porter.app */;
			productType = "com.apple.product-type.application";
		};
/* End PBXNativeTarget section */

/* Begin PBXProject section */
		B6E0EFD924B43D6E00AC67AA /* Project object */ = {
			isa = PBXProject;
			attributes = {
				LastSwiftUpdateCheck = 1150;
				LastUpgradeCheck = 1150;
				ORGANIZATIONNAME = "Mohsin Ali Ayub";
				TargetAttributes = {
					B6E0EFE024B43D6E00AC67AA = {
						CreatedOnToolsVersion = 11.5;
					};
				};
			};
			buildConfigurationList = B6E0EFDC24B43D6E00AC67AA /* Build configuration list for PBXProject "The Night Porter" */;
			compatibilityVersion = "Xcode 9.3";
			developmentRegion = en;
			hasScannedForEncodings = 0;
			knownRegions = (
				en,
				Base,
			);
			mainGroup = B6E0EFD824B43D6E00AC67AA;
			productRefGroup = B6E0EFE224B43D6E00AC67AA /* Products */;
			projectDirPath = "";
			projectRoot = "";
			targets = (
				B6E0EFE024B43D6E00AC67AA /* The Night Porter */,
			);
		};
/* End PBXProject section */

/* Begin PBXResourcesBuildPhase section */
		B6E0EFDF24B43D6E00AC67AA /* Resources */ = {
			isa = PBXResourcesBuildPhase;
			buildActionMask = 2147483647;
			files = (
				B6E0EFF124B43D7200AC67AA /* LaunchScreen.storyboard in Resources */,
				B6E0EFEE24B43D7200AC67AA /* Assets.xcassets in Resources */,
				B6E0EFEC24B43D6E00AC67AA /* Main.storyboard in Resources */,
			);
			runOnlyForDeploymentPostprocessing = 0;
		};
/* End PBXResourcesBuildPhase section */

/* Begin PBXSourcesBuildPhase section */
		B6E0EFDD24B43D6E00AC67AA /* Sources */ = {
			isa = PBXSourcesBuildPhase;
			buildActionMask = 2147483647;
			files = (
				B660513E24C1FDFE00D20739 /* Task.swift in Sources */,
				B6E0EFE924B43D6E00AC67AA /* ViewController.swift in Sources */,
				B6E0EFE524B43D6E00AC67AA /* AppDelegate.swift in Sources */,
				B6E0EFE724B43D6E00AC67AA /* SceneDelegate.swift in Sources */,
			);
			runOnlyForDeploymentPostprocessing = 0;
		};
/* End PBXSourcesBuildPhase section */

/* Begin PBXVariantGroup section */
		B6E0EFEA24B43D6E00AC67AA /* Main.storyboard */ = {
			isa = PBXVariantGroup;
			children = (
				B6E0EFEB24B43D6E00AC67AA /* Base */,
			);
			name = Main.storyboard;
			sourceTree = "<group>";
		};
		B6E0EFEF24B43D7200AC67AA /* LaunchScreen.storyboard */ = {
			isa = PBXVariantGroup;
			children = (
				B6E0EFF024B43D7200AC67AA /* Base */,
			);
			name = LaunchScreen.storyboard;
			sourceTree = "<group>";
		};
/* End PBXVariantGroup section */

/* Begin XCBuildConfiguration section */
		B6E0EFF324B43D7300AC67AA /* Debug */ = {
			isa = XCBuildConfiguration;
			buildSettings = {
				ALWAYS_SEARCH_USER_PATHS = NO;
				CLANG_ANALYZER_NONNULL = YES;
				CLANG_ANALYZER_NUMBER_OBJECT_CONVERSION = YES_AGGRESSIVE;
				CLANG_CXX_LANGUAGE_STANDARD = "gnu++14";
				CLANG_CXX_LIBRARY = "libc++";
				CLANG_ENABLE_MODULES = YES;
				CLANG_ENABLE_OBJC_ARC = YES;
				CLANG_ENABLE_OBJC_WEAK = YES;
				CLANG_WARN_BLOCK_CAPTURE_AUTORELEASING = YES;
				CLANG_WARN_BOOL_CONVERSION = YES;
				CLANG_WARN_COMMA = YES;
				CLANG_WARN_CONSTANT_CONVERSION = YES;
				CLANG_WARN_DEPRECATED_OBJC_IMPLEMENTATIONS = YES;
				CLANG_WARN_DIRECT_OBJC_ISA_USAGE = YES_ERROR;
				CLANG_WARN_DOCUMENTATION_COMMENTS = YES;
				CLANG_WARN_EMPTY_BODY = YES;
				CLANG_WARN_ENUM_CONVERSION = YES;
				CLANG_WARN_INFINITE_RECURSION = YES;
				CLANG_WARN_INT_CONVERSION = YES;
				CLANG_WARN_NON_LITERAL_NULL_CONVERSION = YES;
				CLANG_WARN_OBJC_IMPLICIT_RETAIN_SELF = YES;
				CLANG_WARN_OBJC_LITERAL_CONVERSION = YES;
				CLANG_WARN_OBJC_ROOT_CLASS = YES_ERROR;
				CLANG_WARN_RANGE_LOOP_ANALYSIS = YES;
				CLANG_WARN_STRICT_PROTOTYPES = YES;
				CLANG_WARN_SUSPICIOUS_MOVE = YES;
				CLANG_WARN_UNGUARDED_AVAILABILITY = YES_AGGRESSIVE;
				CLANG_WARN_UNREACHABLE_CODE = YES;
				CLANG_WARN__DUPLICATE_METHOD_MATCH = YES;
				COPY_PHASE_STRIP = NO;
				DEBUG_INFORMATION_FORMAT = dwarf;
				ENABLE_STRICT_OBJC_MSGSEND = YES;
				ENABLE_TESTABILITY = YES;
				GCC_C_LANGUAGE_STANDARD = gnu11;
				GCC_DYNAMIC_NO_PIC = NO;
				GCC_NO_COMMON_BLOCKS = YES;
				GCC_OPTIMIZATION_LEVEL = 0;
				GCC_PREPROCESSOR_DEFINITIONS = (
					"DEBUG=1",
					"$(inherited)",
				);
				GCC_WARN_64_TO_32_BIT_CONVERSION = YES;
				GCC_WARN_ABOUT_RETURN_TYPE = YES_ERROR;
				GCC_WARN_UNDECLARED_SELECTOR = YES;
				GCC_WARN_UNINITIALIZED_AUTOS = YES_AGGRESSIVE;
				GCC_WARN_UNUSED_FUNCTION = YES;
				GCC_WARN_UNUSED_VARIABLE = YES;
				IPHONEOS_DEPLOYMENT_TARGET = 13.5;
				MTL_ENABLE_DEBUG_INFO = INCLUDE_SOURCE;
				MTL_FAST_MATH = YES;
				ONLY_ACTIVE_ARCH = YES;
				SDKROOT = iphoneos;
				SWIFT_ACTIVE_COMPILATION_CONDITIONS = DEBUG;
				SWIFT_OPTIMIZATION_LEVEL = "-Onone";
			};
			name = Debug;
		};
		B6E0EFF424B43D7300AC67AA /* Release */ = {
			isa = XCBuildConfiguration;
			buildSettings = {
				ALWAYS_SEARCH_USER_PATHS = NO;
				CLANG_ANALYZER_NONNULL = YES;
				CLANG_ANALYZER_NUMBER_OBJECT_CONVERSION = YES_AGGRESSIVE;
				CLANG_CXX_LANGUAGE_STANDARD = "gnu++14";
				CLANG_CXX_LIBRARY = "libc++";
				CLANG_ENABLE_MODULES = YES;
				CLANG_ENABLE_OBJC_ARC = YES;
				CLANG_ENABLE_OBJC_WEAK = YES;
				CLANG_WARN_BLOCK_CAPTURE_AUTORELEASING = YES;
				CLANG_WARN_BOOL_CONVERSION = YES;
				CLANG_WARN_COMMA = YES;
				CLANG_WARN_CONSTANT_CONVERSION = YES;
				CLANG_WARN_DEPRECATED_OBJC_IMPLEMENTATIONS = YES;
				CLANG_WARN_DIRECT_OBJC_ISA_USAGE = YES_ERROR;
				CLANG_WARN_DOCUMENTATION_COMMENTS = YES;
				CLANG_WARN_EMPTY_BODY = YES;
				CLANG_WARN_ENUM_CONVERSION = YES;
				CLANG_WARN_INFINITE_RECURSION = YES;
				CLANG_WARN_INT_CONVERSION = YES;
				CLANG_WARN_NON_LITERAL_NULL_CONVERSION = YES;
				CLANG_WARN_OBJC_IMPLICIT_RETAIN_SELF = YES;
				CLANG_WARN_OBJC_LITERAL_CONVERSION = YES;
				CLANG_WARN_OBJC_ROOT_CLASS = YES_ERROR;
				CLANG_WARN_RANGE_LOOP_ANALYSIS = YES;
				CLANG_WARN_STRICT_PROTOTYPES = YES;
				CLANG_WARN_SUSPICIOUS_MOVE = YES;
				CLANG_WARN_UNGUARDED_AVAILABILITY = YES_AGGRESSIVE;
				CLANG_WARN_UNREACHABLE_CODE = YES;
				CLANG_WARN__DUPLICATE_METHOD_MATCH = YES;
				COPY_PHASE_STRIP = NO;
				DEBUG_INFORMATION_FORMAT = "dwarf-with-dsym";
				ENABLE_NS_ASSERTIONS = NO;
				ENABLE_STRICT_OBJC_MSGSEND = YES;
				GCC_C_LANGUAGE_STANDARD = gnu11;
				GCC_NO_COMMON_BLOCKS = YES;
				GCC_WARN_64_TO_32_BIT_CONVERSION = YES;
				GCC_WARN_ABOUT_RETURN_TYPE = YES_ERROR;
				GCC_WARN_UNDECLARED_SELECTOR = YES;
				GCC_WARN_UNINITIALIZED_AUTOS = YES_AGGRESSIVE;
				GCC_WARN_UNUSED_FUNCTION = YES;
				GCC_WARN_UNUSED_VARIABLE = YES;
				IPHONEOS_DEPLOYMENT_TARGET = 13.5;
				MTL_ENABLE_DEBUG_INFO = NO;
				MTL_FAST_MATH = YES;
				SDKROOT = iphoneos;
				SWIFT_COMPILATION_MODE = wholemodule;
				SWIFT_OPTIMIZATION_LEVEL = "-O";
				VALIDATE_PRODUCT = YES;
			};
			name = Release;
		};
		B6E0EFF624B43D7300AC67AA /* Debug */ = {
			isa = XCBuildConfiguration;
			buildSettings = {
				ASSETCATALOG_COMPILER_APPICON_NAME = AppIcon;
				CODE_SIGN_STYLE = Automatic;
				INFOPLIST_FILE = "The Night Porter/Info.plist";
				LD_RUNPATH_SEARCH_PATHS = (
					"$(inherited)",
					"@executable_path/Frameworks",
				);
				PRODUCT_BUNDLE_IDENTIFIER = "com.mohsinayub.The-Night-Porter";
				PRODUCT_NAME = "$(TARGET_NAME)";
				SWIFT_VERSION = 5.0;
				TARGETED_DEVICE_FAMILY = 1;
			};
			name = Debug;
		};
		B6E0EFF724B43D7300AC67AA /* Release */ = {
			isa = XCBuildConfiguration;
			buildSettings = {
				ASSETCATALOG_COMPILER_APPICON_NAME = AppIcon;
				CODE_SIGN_STYLE = Automatic;
				INFOPLIST_FILE = "The Night Porter/Info.plist";
				LD_RUNPATH_SEARCH_PATHS = (
					"$(inherited)",
					"@executable_path/Frameworks",
				);
				PRODUCT_BUNDLE_IDENTIFIER = "com.mohsinayub.The-Night-Porter";
				PRODUCT_NAME = "$(TARGET_NAME)";
				SWIFT_VERSION = 5.0;
				TARGETED_DEVICE_FAMILY = 1;
			};
			name = Release;
		};
/* End XCBuildConfiguration section */

/* Begin XCConfigurationList section */
		B6E0EFDC24B43D6E00AC67AA /* Build configuration list for PBXProject "The Night Porter" */ = {
			isa = XCConfigurationList;
			buildConfigurations = (
				B6E0EFF324B43D7300AC67AA /* Debug */,
				B6E0EFF424B43D7300AC67AA /* Release */,
			);
			defaultConfigurationIsVisible = 0;
			defaultConfigurationName = Release;
		};
		B6E0EFF524B43D7300AC67AA /* Build configuration list for PBXNativeTarget "The Night Porter" */ = {
			isa = XCConfigurationList;
			buildConfigurations = (
				B6E0EFF624B43D7300AC67AA /* Debug */,
				B6E0EFF724B43D7300AC67AA /* Release */,
			);
			defaultConfigurationIsVisible = 0;
			defaultConfigurationName = Release;
		};
/* End XCConfigurationList section */
	};
	rootObject = B6E0EFD924B43D6E00AC67AA /* Project object */;
}
